
Microsoft Visual Studio Solution File, Format Version 12.00
# Visual Studio Version 17
VisualStudioVersion = 17.0.31903.59
MinimumVisualStudioVersion = 10.0.40219.1
Project("{9A19103F-16F7-4668-BE54-9A1E7A4F7556}") = "BugPro", "BugPro\BugPro.csproj", "{47CA63AA-1379-4327-901C-63B18896183C}"
EndProject
Project("{FAE04EC0-301F-11D3-BF4B-00C04F79EFBC}") = "BugTests", "BugTests\BugTests.csproj", "{BA1E5901-A69C-4DAD-AE49-D4AD26BA5E1C}"
EndProject
Global
	GlobalSection(SolutionConfigurationPlatforms) = preSolution
		Debug|Any CPU = Debug|Any CPU
		Release|Any CPU = Release|Any CPU
	EndGlobalSection
	GlobalSection(ProjectConfigurationPlatforms) = postSolution
		{47CA63AA-1379-4327-901C-63B18896183C}.Debug|Any CPU.ActiveCfg = Debug|Any CPU
		{47CA63AA-1379-4327-901C-63B18896183C}.Debug|Any CPU.Build.0 = Debug|Any CPU
		{47CA63AA-1379-4327-901C-63B18896183C}.Release|Any CPU.ActiveCfg = Release|Any CPU
		{47CA63AA-1379-4327-901C-63B18896183C}.Release|Any CPU.Build.0 = Release|Any CPU
		{BA1E5901-A69C-4DAD-AE49-D4AD26BA5E1C}.Debug|Any CPU.ActiveCfg = Debug|Any CPU
		{BA1E5901-A69C-4DAD-AE49-D4AD26BA5E1C}.Debug|Any CPU.Build.0 = Debug|Any CPU
		{BA1E5901-A69C-4DAD-AE49-D4AD26BA5E1C}.Release|Any CPU.ActiveCfg = Release|Any CPU
		{BA1E5901-A69C-4DAD-AE49-D4AD26BA5E1C}.Release|Any CPU.Build.0 = Release|Any CPU
	EndGlobalSection
	GlobalSection(SolutionProperties) = preSolution
		HideSolutionNode = FALSE
	EndGlobalSection
	GlobalSection(ExtensibilityGlobals) = postSolution
		SolutionGuid = {E3644763-8F91-4372-8362-870C28B418A7}
	EndGlobalSection
EndGlobal
